
Microsoft Visual Studio Solution File, Format Version 12.00
# Visual Studio 15
VisualStudioVersion = 15.0.26124.0
MinimumVisualStudioVersion = 15.0.26124.0
Project("{FAE04EC0-301F-11D3-BF4B-00C04F79EFBC}") = "API", "API\API.csproj", "{205B00BE-CEEA-4A11-BE02-48869A5BA519}"
EndProject
Project("{FAE04EC0-301F-11D3-BF4B-00C04F79EFBC}") = "Core", "Core\Core.csproj", "{CA6BAB15-817B-47F7-B65E-D25186099B8A}"
EndProject
Project("{FAE04EC0-301F-11D3-BF4B-00C04F79EFBC}") = "Infrastructure", "Infrastructure\Infrastructure.csproj", "{E2861D11-9887-41C1-A25C-2F5D6106CE63}"
EndProject
Global
	GlobalSection(SolutionConfigurationPlatforms) = preSolution
		Debug|Any CPU = Debug|Any CPU
		Debug|x64 = Debug|x64
		Debug|x86 = Debug|x86
		Release|Any CPU = Release|Any CPU
		Release|x64 = Release|x64
		Release|x86 = Release|x86
	EndGlobalSection
	GlobalSection(SolutionProperties) = preSolution
		HideSolutionNode = FALSE
	EndGlobalSection
	GlobalSection(ProjectConfigurationPlatforms) = postSolution
		{205B00BE-CEEA-4A11-BE02-48869A5BA519}.Debug|Any CPU.ActiveCfg = Debug|Any CPU
		{205B00BE-CEEA-4A11-BE02-48869A5BA519}.Debug|Any CPU.Build.0 = Debug|Any CPU
		{205B00BE-CEEA-4A11-BE02-48869A5BA519}.Debug|x64.ActiveCfg = Debug|Any CPU
		{205B00BE-CEEA-4A11-BE02-48869A5BA519}.Debug|x64.Build.0 = Debug|Any CPU
		{205B00BE-CEEA-4A11-BE02-48869A5BA519}.Debug|x86.ActiveCfg = Debug|Any CPU
		{205B00BE-CEEA-4A11-BE02-48869A5BA519}.Debug|x86.Build.0 = Debug|Any CPU
		{205B00BE-CEEA-4A11-BE02-48869A5BA519}.Release|Any CPU.ActiveCfg = Release|Any CPU
		{205B00BE-CEEA-4A11-BE02-48869A5BA519}.Release|Any CPU.Build.0 = Release|Any CPU
		{205B00BE-CEEA-4A11-BE02-48869A5BA519}.Release|x64.ActiveCfg = Release|Any CPU
		{205B00BE-CEEA-4A11-BE02-48869A5BA519}.Release|x64.Build.0 = Release|Any CPU
		{205B00BE-CEEA-4A11-BE02-48869A5BA519}.Release|x86.ActiveCfg = Release|Any CPU
		{205B00BE-CEEA-4A11-BE02-48869A5BA519}.Release|x86.Build.0 = Release|Any CPU
		{CA6BAB15-817B-47F7-B65E-D25186099B8A}.Debug|Any CPU.ActiveCfg = Debug|Any CPU
		{CA6BAB15-817B-47F7-B65E-D25186099B8A}.Debug|Any CPU.Build.0 = Debug|Any CPU
		{CA6BAB15-817B-47F7-B65E-D25186099B8A}.Debug|x64.ActiveCfg = Debug|Any CPU
		{CA6BAB15-817B-47F7-B65E-D25186099B8A}.Debug|x64.Build.0 = Debug|Any CPU
		{CA6BAB15-817B-47F7-B65E-D25186099B8A}.Debug|x86.ActiveCfg = Debug|Any CPU
		{CA6BAB15-817B-47F7-B65E-D25186099B8A}.Debug|x86.Build.0 = Debug|Any CPU
		{CA6BAB15-817B-47F7-B65E-D25186099B8A}.Release|Any CPU.ActiveCfg = Release|Any CPU
		{CA6BAB15-817B-47F7-B65E-D25186099B8A}.Release|Any CPU.Build.0 = Release|Any CPU
		{CA6BAB15-817B-47F7-B65E-D25186099B8A}.Release|x64.ActiveCfg = Release|Any CPU
		{CA6BAB15-817B-47F7-B65E-D25186099B8A}.Release|x64.Build.0 = Release|Any CPU
		{CA6BAB15-817B-47F7-B65E-D25186099B8A}.Release|x86.ActiveCfg = Release|Any CPU
		{CA6BAB15-817B-47F7-B65E-D25186099B8A}.Release|x86.Build.0 = Release|Any CPU
		{E2861D11-9887-41C1-A25C-2F5D6106CE63}.Debug|Any CPU.ActiveCfg = Debug|Any CPU
		{E2861D11-9887-41C1-A25C-2F5D6106CE63}.Debug|Any CPU.Build.0 = Debug|Any CPU
		{E2861D11-9887-41C1-A25C-2F5D6106CE63}.Debug|x64.ActiveCfg = Debug|Any CPU
		{E2861D11-9887-41C1-A25C-2F5D6106CE63}.Debug|x64.Build.0 = Debug|Any CPU
		{E2861D11-9887-41C1-A25C-2F5D6106CE63}.Debug|x86.ActiveCfg = Debug|Any CPU
		{E2861D11-9887-41C1-A25C-2F5D6106CE63}.Debug|x86.Build.0 = Debug|Any CPU
		{E2861D11-9887-41C1-A25C-2F5D6106CE63}.Release|Any CPU.ActiveCfg = Release|Any CPU
		{E2861D11-9887-41C1-A25C-2F5D6106CE63}.Release|Any CPU.Build.0 = Release|Any CPU
		{E2861D11-9887-41C1-A25C-2F5D6106CE63}.Release|x64.ActiveCfg = Release|Any CPU
		{E2861D11-9887-41C1-A25C-2F5D6106CE63}.Release|x64.Build.0 = Release|Any CPU
		{E2861D11-9887-41C1-A25C-2F5D6106CE63}.Release|x86.ActiveCfg = Release|Any CPU
		{E2861D11-9887-41C1-A25C-2F5D6106CE63}.Release|x86.Build.0 = Release|Any CPU
	EndGlobalSection
EndGlobal
